// !$*UTF8*$!
{
	archiveVersion = 1;
	classes = {
	};
	objectVersion = 46;
	objects = {

/* Begin PBXBuildFile section */
		C4360BB21CE9EBE100D5BF42 /* AppDelegate.swift in Sources */ = {isa = PBXBuildFile; fileRef = C4360BB11CE9EBE100D5BF42 /* AppDelegate.swift */; };
		C4360BB41CE9EBE100D5BF42 /* ViewController.swift in Sources */ = {isa = PBXBuildFile; fileRef = C4360BB31CE9EBE100D5BF42 /* ViewController.swift */; };
		C4360BB61CE9EBE100D5BF42 /* Assets.xcassets in Resources */ = {isa = PBXBuildFile; fileRef = C4360BB51CE9EBE100D5BF42 /* Assets.xcassets */; };
		C4360BB91CE9EBE100D5BF42 /* Main.storyboard in Resources */ = {isa = PBXBuildFile; fileRef = C4360BB71CE9EBE100D5BF42 /* Main.storyboard */; };
/* End PBXBuildFile section */

/* Begin PBXFileReference section */
		C4360BAE1CE9EBE100D5BF42 /* Awarding System for Xianyou.app */ = {isa = PBXFileReference; explicitFileType = wrapper.application; includeInIndex = 0; path = "Awarding System for Xianyou.app"; sourceTree = BUILT_PRODUCTS_DIR; };
		C4360BB11CE9EBE100D5BF42 /* AppDelegate.swift */ = {isa = PBXFileReference; lastKnownFileType = sourcecode.swift; path = AppDelegate.swift; sourceTree = "<group>"; };
		C4360BB31CE9EBE100D5BF42 /* ViewController.swift */ = {isa = PBXFileReference; lastKnownFileType = sourcecode.swift; path = ViewController.swift; sourceTree = "<group>"; };
		C4360BB51CE9EBE100D5BF42 /* Assets.xcassets */ = {isa = PBXFileReference; lastKnownFileType = folder.assetcatalog; path = Assets.xcassets; sourceTree = "<group>"; };
		C4360BB81CE9EBE100D5BF42 /* Base */ = {isa = PBXFileReference; lastKnownFileType = file.storyboard; name = Base; path = Base.lproj/Main.storyboard; sourceTree = "<group>"; };
		C4360BBA1CE9EBE100D5BF42 /* Info.plist */ = {isa = PBXFileReference; lastKnownFileType = text.plist.xml; path = Info.plist; sourceTree = "<group>"; };
/* End PBXFileReference section */

/* Begin PBXFrameworksBuildPhase section */
		C4360BAB1CE9EBE100D5BF42 /* Frameworks */ = {
			isa = PBXFrameworksBuildPhase;
			buildActionMask = 2147483647;
			files = (
			);
			runOnlyForDeploymentPostprocessing = 0;
		};
/* End PBXFrameworksBuildPhase section */

/* Begin PBXGroup section */
		C4360BA51CE9EBE100D5BF42 = {
			isa = PBXGroup;
			children = (
				C4360BB01CE9EBE100D5BF42 /* Awarding System for Xianyou */,
				C4360BAF1CE9EBE100D5BF42 /* Products */,
			);
			sourceTree = "<group>";
		};
		C4360BAF1CE9EBE100D5BF42 /* Products */ = {
			isa = PBXGroup;
			children = (
				C4360BAE1CE9EBE100D5BF42 /* Awarding System for Xianyou.app */,
			);
			name = Products;
			sourceTree = "<group>";
		};
		C4360BB01CE9EBE100D5BF42 /* Awarding System for Xianyou */ = {
			isa = PBXGroup;
			children = (
				C4360BB11CE9EBE100D5BF42 /* AppDelegate.swift */,
				C4360BB31CE9EBE100D5BF42 /* ViewController.swift */,
				C4360BB51CE9EBE100D5BF42 /* Assets.xcassets */,
				C4360BB71CE9EBE100D5BF42 /* Main.storyboard */,
				C4360BBA1CE9EBE100D5BF42 /* Info.plist */,
			);
			path = "Awarding System for Xianyou";
			sourceTree = "<group>";
		};
/* End PBXGroup section */

/* Begin PBXNativeTarget section */
		C4360BAD1CE9EBE100D5BF42 /* Awarding System for Xianyou */ = {
			isa = PBXNativeTarget;
			buildConfigurationList = C4360BBD1CE9EBE100D5BF42 /* Build configuration list for PBXNativeTarget "Awarding System for Xianyou" */;
			buildPhases = (
				C4360BAA1CE9EBE100D5BF42 /* Sources */,
				C4360BAB1CE9EBE100D5BF42 /* Frameworks */,
				C4360BAC1CE9EBE100D5BF42 /* Resources */,
			);
			buildRules = (
			);
			dependencies = (
			);
			name = "Awarding System for Xianyou";
			productName = "Awarding System for Xianyou";
			productReference = C4360BAE1CE9EBE100D5BF42 /* Awarding System for Xianyou.app */;
			productType = "com.apple.product-type.application";
		};
/* End PBXNativeTarget section */

/* Begin PBXProject section */
		C4360BA61CE9EBE100D5BF42 /* Project object */ = {
			isa = PBXProject;
			attributes = {
				LastSwiftUpdateCheck = 0730;
				LastUpgradeCheck = 0730;
				ORGANIZATIONNAME = "Thomas Tu";
				TargetAttributes = {
					C4360BAD1CE9EBE100D5BF42 = {
						CreatedOnToolsVersion = 7.3.1;
						LastSwiftMigration = 0830;
					};
				};
			};
			buildConfigurationList = C4360BA91CE9EBE100D5BF42 /* Build configuration list for PBXProject "Awarding System for Xianyou" */;
			compatibilityVersion = "Xcode 3.2";
			developmentRegion = English;
			hasScannedForEncodings = 0;
			knownRegions = (
				en,
				Base,
			);
			mainGroup = C4360BA51CE9EBE100D5BF42;
			productRefGroup = C4360BAF1CE9EBE100D5BF42 /* Products */;
			projectDirPath = "";
			projectRoot = "";
			targets = (
				C4360BAD1CE9EBE100D5BF42 /* Awarding System for Xianyou */,
			);
		};
/* End PBXProject section */

/* Begin PBXResourcesBuildPhase section */
		C4360BAC1CE9EBE100D5BF42 /* Resources */ = {
			isa = PBXResourcesBuildPhase;
			buildActionMask = 2147483647;
			files = (
				C4360BB61CE9EBE100D5BF42 /* Assets.xcassets in Resources */,
				C4360BB91CE9EBE100D5BF42 /* Main.storyboard in Resources */,
			);
			runOnlyForDeploymentPostprocessing = 0;
		};
/* End PBXResourcesBuildPhase section */

/* Begin PBXSourcesBuildPhase section */
		C4360BAA1CE9EBE100D5BF42 /* Sources */ = {
			isa = PBXSourcesBuildPhase;
			buildActionMask = 2147483647;
			files = (
				C4360BB41CE9EBE100D5BF42 /* ViewController.swift in Sources */,
				C4360BB21CE9EBE100D5BF42 /* AppDelegate.swift in Sources */,
			);
			runOnlyForDeploymentPostprocessing = 0;
		};
/* End PBXSourcesBuildPhase section */

/* Begin PBXVariantGroup section */
		C4360BB71CE9EBE100D5BF42 /* Main.storyboard */ = {
			isa = PBXVariantGroup;
			children = (
				C4360BB81CE9EBE100D5BF42 /* Base */,
			);
			name = Main.storyboard;
			sourceTree = "<group>";
		};
/* End PBXVariantGroup section */

/* Begin XCBuildConfiguration section */
		C4360BBB1CE9EBE100D5BF42 /* Debug */ = {
			isa = XCBuildConfiguration;
			buildSettings = {
				ALWAYS_SEARCH_USER_PATHS = NO;
				CLANG_ANALYZER_NONNULL = YES;
				CLANG_CXX_LANGUAGE_STANDARD = "gnu++0x";
				CLANG_CXX_LIBRARY = "libc++";
				CLANG_ENABLE_MODULES = YES;
				CLANG_ENABLE_OBJC_ARC = YES;
				CLANG_WARN_BOOL_CONVERSION = YES;
				CLANG_WARN_CONSTANT_CONVERSION = YES;
				CLANG_WARN_DIRECT_OBJC_ISA_USAGE = YES_ERROR;
				CLANG_WARN_EMPTY_BODY = YES;
				CLANG_WARN_ENUM_CONVERSION = YES;
				CLANG_WARN_INT_CONVERSION = YES;
				CLANG_WARN_OBJC_ROOT_CLASS = YES_ERROR;
				CLANG_WARN_UNREACHABLE_CODE = YES;
				CLANG_WARN__DUPLICATE_METHOD_MATCH = YES;
				CODE_SIGN_IDENTITY = "-";
				COPY_PHASE_STRIP = NO;
				DEBUG_INFORMATION_FORMAT = dwarf;
				ENABLE_STRICT_OBJC_MSGSEND = YES;
				ENABLE_TESTABILITY = YES;
				GCC_C_LANGUAGE_STANDARD = gnu99;
				GCC_DYNAMIC_NO_PIC = NO;
				GCC_NO_COMMON_BLOCKS = YES;
				GCC_OPTIMIZATION_LEVEL = 0;
				GCC_PREPROCESSOR_DEFINITIONS = (
					"DEBUG=1",
					"$(inherited)",
				);
				GCC_WARN_64_TO_32_BIT_CONVERSION = YES;
				GCC_WARN_ABOUT_RETURN_TYPE = YES_ERROR;
				GCC_WARN_UNDECLARED_SELECTOR = YES;
				GCC_WARN_UNINITIALIZED_AUTOS = YES_AGGRESSIVE;
				GCC_WARN_UNUSED_FUNCTION = YES;
				GCC_WARN_UNUSED_VARIABLE = YES;
				MACOSX_DEPLOYMENT_TARGET = 10.11;
				MTL_ENABLE_DEBUG_INFO = YES;
				ONLY_ACTIVE_ARCH = YES;
				SDKROOT = macosx;
				SWIFT_OPTIMIZATION_LEVEL = "-Onone";
			};
			name = Debug;
		};
		C4360BBC1CE9EBE100D5BF42 /* Release */ = {
			isa = XCBuildConfiguration;
			buildSettings = {
				ALWAYS_SEARCH_USER_PATHS = NO;
				CLANG_ANALYZER_NONNULL = YES;
				CLANG_CXX_LANGUAGE_STANDARD = "gnu++0x";
				CLANG_CXX_LIBRARY = "libc++";
				CLANG_ENABLE_MODULES = YES;
				CLANG_ENABLE_OBJC_ARC = YES;
				CLANG_WARN_BOOL_CONVERSION = YES;
				CLANG_WARN_CONSTANT_CONVERSION = YES;
				CLANG_WARN_DIRECT_OBJC_ISA_USAGE = YES_ERROR;
				CLANG_WARN_EMPTY_BODY = YES;
				CLANG_WARN_ENUM_CONVERSION = YES;
				CLANG_WARN_INT_CONVERSION = YES;
				CLANG_WARN_OBJC_ROOT_CLASS = YES_ERROR;
				CLANG_WARN_UNREACHABLE_CODE = YES;
				CLANG_WARN__DUPLICATE_METHOD_MATCH = YES;
				CODE_SIGN_IDENTITY = "-";
				COPY_PHASE_STRIP = NO;
				DEBUG_INFORMATION_FORMAT = "dwarf-with-dsym";
				ENABLE_NS_ASSERTIONS = NO;
				ENABLE_STRICT_OBJC_MSGSEND = YES;
				GCC_C_LANGUAGE_STANDARD = gnu99;
				GCC_NO_COMMON_BLOCKS = YES;
				GCC_WARN_64_TO_32_BIT_CONVERSION = YES;
				GCC_WARN_ABOUT_RETURN_TYPE = YES_ERROR;
				GCC_WARN_UNDECLARED_SELECTOR = YES;
				GCC_WARN_UNINITIALIZED_AUTOS = YES_AGGRESSIVE;
				GCC_WARN_UNUSED_FUNCTION = YES;
				GCC_WARN_UNUSED_VARIABLE = YES;
				MACOSX_DEPLOYMENT_TARGET = 10.11;
				MTL_ENABLE_DEBUG_INFO = NO;
				SDKROOT = macosx;
			};
			name = Release;
		};
		C4360BBE1CE9EBE100D5BF42 /* Debug */ = {
			isa = XCBuildConfiguration;
			buildSettings = {
				ASSETCATALOG_COMPILER_APPICON_NAME = AppIcon;
				COMBINE_HIDPI_IMAGES = YES;
				INFOPLIST_FILE = "Awarding System for Xianyou/Info.plist";
				LD_RUNPATH_SEARCH_PATHS = "$(inherited) @executable_path/../Frameworks";
				PRODUCT_BUNDLE_IDENTIFIER = "com.markgloom.Awarding-System-for-Xianyou";
				PRODUCT_NAME = "$(TARGET_NAME)";
				SWIFT_VERSION = 3.0;
			};
			name = Debug;
		};
		C4360BBF1CE9EBE100D5BF42 /* Release */ = {
			isa = XCBuildConfiguration;
			buildSettings = {
				ASSETCATALOG_COMPILER_APPICON_NAME = AppIcon;
				COMBINE_HIDPI_IMAGES = YES;
				INFOPLIST_FILE = "Awarding System for Xianyou/Info.plist";
				LD_RUNPATH_SEARCH_PATHS = "$(inherited) @executable_path/../Frameworks";
				PRODUCT_BUNDLE_IDENTIFIER = "com.markgloom.Awarding-System-for-Xianyou";
				PRODUCT_NAME = "$(TARGET_NAME)";
				SWIFT_VERSION = 3.0;
			};
			name = Release;
		};
/* End XCBuildConfiguration section */

/* Begin XCConfigurationList section */
		C4360BA91CE9EBE100D5BF42 /* Build configuration list for PBXProject "Awarding System for Xianyou" */ = {
			isa = XCConfigurationList;
			buildConfigurations = (
				C4360BBB1CE9EBE100D5BF42 /* Debug */,
				C4360BBC1CE9EBE100D5BF42 /* Release */,
			);
			defaultConfigurationIsVisible = 0;
			defaultConfigurationName = Release;
		};
		C4360BBD1CE9EBE100D5BF42 /* Build configuration list for PBXNativeTarget "Awarding System for Xianyou" */ = {
			isa = XCConfigurationList;
			buildConfigurations = (
				C4360BBE1CE9EBE100D5BF42 /* Debug */,
				C4360BBF1CE9EBE100D5BF42 /* Release */,
			);
			defaultConfigurationIsVisible = 0;
			defaultConfigurationName = Release;
		};
/* End XCConfigurationList section */
	};
	rootObject = C4360BA61CE9EBE100D5BF42 /* Project object */;
}
